{
  "name": "abap-file-formats-tools",
  "version": "1.0.0",
  "lockfileVersion": 2,
  "requires": true,
  "packages": {
    "": {
      "name": "abap-file-formats-tools",
      "version": "1.0.0",
      "license": "MIT",
      "dependencies": {
        "@abaplint/cli": "^2.92.2",
        "@abaplint/database-sqlite": "^2.1.41",
        "@abaplint/runtime": "^2.1.42",
        "@abaplint/transpiler-cli": "^2.1.42",
        "abapmerge": "^0.14.7"
      }
    },
    "node_modules/@abaplint/cli": {
      "version": "2.92.2",
      "resolved": "https://registry.npmjs.org/@abaplint/cli/-/cli-2.92.2.tgz",
      "integrity": "sha512-uDLaQBvYtbwiJOVDmyQJKIpnVCFjo/P4OTxsBONjlgZH/qlzAjqnFR/yJIHfdlEW+xfe6m/32LypULI1Mds8ng==",
      "bin": {
        "abaplint": "abaplint"
      },
      "engines": {
        "node": ">=12.0.0"
      }
    },
    "node_modules/@abaplint/database-sqlite": {
      "version": "2.1.41",
      "resolved": "https://registry.npmjs.org/@abaplint/database-sqlite/-/database-sqlite-2.1.41.tgz",
      "integrity": "sha512-12GNcxXvXhE/ey/InPQJxRteQ6yi6a7UOm6fwRaz7oE19b37nJDGMB+5CHd68ZbO181IE8EFckjcIGsjPCqUwg==",
      "dependencies": {
        "sql.js": "^1.7.0"
      }
    },
    "node_modules/@abaplint/runtime": {
      "version": "2.1.42",
      "resolved": "https://registry.npmjs.org/@abaplint/runtime/-/runtime-2.1.42.tgz",
      "integrity": "sha512-iw5bXx9AOG6iOx39Oe2B2WVA6pdS5dQxA+twTCz3uIT7ABLO6SShpZU1ycr/WqU/hqOTMkMTuEp3F1RI3fo20A=="
    },
    "node_modules/@abaplint/transpiler-cli": {
      "version": "2.1.42",
      "resolved": "https://registry.npmjs.org/@abaplint/transpiler-cli/-/transpiler-cli-2.1.42.tgz",
      "integrity": "sha512-mt0qkc0bof78oElcVqLpexIGd6J+HwVFDuzjRW6WuQ73J6qdVtj0uzvxM6MZo/jJ6Cvb/tGpx5nswXljOf3Aiw==",
      "bin": {
        "abap_transpile": "abap_transpile"
      }
    },
    "node_modules/abapmerge": {
      "version": "0.14.7",
      "resolved": "https://registry.npmjs.org/abapmerge/-/abapmerge-0.14.7.tgz",
      "integrity": "sha512-rqizPvXuPy2Knd4PdA/Fl1Hgd53p/AMbwn2AjujY4FXDR4hwwH65zR5O8AeyxAhnARNzdOQ30KBJUwHWMJu+9g==",
      "dependencies": {
        "commander": "^7.2.0"
      },
      "bin": {
        "abapmerge": "abapmerge"
      }
    },
    "node_modules/commander": {
      "version": "7.2.0",
      "resolved": "https://registry.npmjs.org/commander/-/commander-7.2.0.tgz",
      "integrity": "sha512-QrWXB+ZQSVPmIWIhtEO9H+gwHaMGYiF5ChvoJ+K9ZGHG/sVsa6yiesAD1GC/x46sET00Xlwo1u49RVVVzvcSkw==",
      "engines": {
        "node": ">= 10"
      }
    },
    "node_modules/sql.js": {
      "version": "1.7.0",
      "resolved": "https://registry.npmjs.org/sql.js/-/sql.js-1.7.0.tgz",
      "integrity": "sha512-qAfft3xkSgHqmmfNugWTp/59PsqIw8gbeao5TZmpmzQQsAJ49de3iDDKuxVixidYs6dkHNksY8m27v2dZNn2jw=="
    }
  },
  "dependencies": {
    "@abaplint/cli": {
      "version": "2.92.2",
      "resolved": "https://registry.npmjs.org/@abaplint/cli/-/cli-2.92.2.tgz",
      "integrity": "sha512-uDLaQBvYtbwiJOVDmyQJKIpnVCFjo/P4OTxsBONjlgZH/qlzAjqnFR/yJIHfdlEW+xfe6m/32LypULI1Mds8ng=="
    },
    "@abaplint/database-sqlite": {
      "version": "2.1.41",
      "resolved": "https://registry.npmjs.org/@abaplint/database-sqlite/-/database-sqlite-2.1.41.tgz",
      "integrity": "sha512-12GNcxXvXhE/ey/InPQJxRteQ6yi6a7UOm6fwRaz7oE19b37nJDGMB+5CHd68ZbO181IE8EFckjcIGsjPCqUwg==",
      "requires": {
        "sql.js": "^1.7.0"
      }
    },
    "@abaplint/runtime": {
      "version": "2.1.42",
      "resolved": "https://registry.npmjs.org/@abaplint/runtime/-/runtime-2.1.42.tgz",
      "integrity": "sha512-iw5bXx9AOG6iOx39Oe2B2WVA6pdS5dQxA+twTCz3uIT7ABLO6SShpZU1ycr/WqU/hqOTMkMTuEp3F1RI3fo20A=="
    },
    "@abaplint/transpiler-cli": {
      "version": "2.1.42",
      "resolved": "https://registry.npmjs.org/@abaplint/transpiler-cli/-/transpiler-cli-2.1.42.tgz",
      "integrity": "sha512-mt0qkc0bof78oElcVqLpexIGd6J+HwVFDuzjRW6WuQ73J6qdVtj0uzvxM6MZo/jJ6Cvb/tGpx5nswXljOf3Aiw=="
    },
    "abapmerge": {
      "version": "0.14.7",
      "resolved": "https://registry.npmjs.org/abapmerge/-/abapmerge-0.14.7.tgz",
      "integrity": "sha512-rqizPvXuPy2Knd4PdA/Fl1Hgd53p/AMbwn2AjujY4FXDR4hwwH65zR5O8AeyxAhnARNzdOQ30KBJUwHWMJu+9g==",
      "requires": {
        "commander": "^7.2.0"
      }
    },
    "commander": {
      "version": "7.2.0",
      "resolved": "https://registry.npmjs.org/commander/-/commander-7.2.0.tgz",
      "integrity": "sha512-QrWXB+ZQSVPmIWIhtEO9H+gwHaMGYiF5ChvoJ+K9ZGHG/sVsa6yiesAD1GC/x46sET00Xlwo1u49RVVVzvcSkw=="
    },
    "sql.js": {
      "version": "1.7.0",
      "resolved": "https://registry.npmjs.org/sql.js/-/sql.js-1.7.0.tgz",
      "integrity": "sha512-qAfft3xkSgHqmmfNugWTp/59PsqIw8gbeao5TZmpmzQQsAJ49de3iDDKuxVixidYs6dkHNksY8m27v2dZNn2jw=="
    }
  }
}
