{
  "name": "abap-file-formats-tools",
  "version": "1.0.0",
  "lockfileVersion": 2,
  "requires": true,
  "packages": {
    "": {
      "name": "abap-file-formats-tools",
      "version": "1.0.0",
      "license": "MIT",
      "dependencies": {
        "@abaplint/cli": "^2.89.12",
        "@abaplint/database-sqlite": "^2.0.11",
        "@abaplint/runtime": "^2.0.13",
        "@abaplint/transpiler-cli": "^2.0.13"
      }
    },
    "node_modules/@abaplint/cli": {
      "version": "2.89.12",
      "resolved": "https://registry.npmjs.org/@abaplint/cli/-/cli-2.89.12.tgz",
      "integrity": "sha512-ioDcer7OfK89/KLqtns/onwhtAqs2rzFFcFkML3lwe7lXxju2uDyi/vVcoe/kwym8cYPmlzUrDVb3tWUxHahWg==",
      "bin": {
        "abaplint": "abaplint"
      },
      "engines": {
        "node": ">=12.0.0"
      }
    },
    "node_modules/@abaplint/database-sqlite": {
      "version": "2.0.11",
      "resolved": "https://registry.npmjs.org/@abaplint/database-sqlite/-/database-sqlite-2.0.11.tgz",
      "integrity": "sha512-hshAAWvfPA7GZ9Zs6440W2og1FzohNdbbTlVV9ItCrUqOSDc32obxdjhIj1YAWBtKE0NoFCq4SwNX+lHGG7PRg==",
      "dependencies": {
        "sql.js": "^1.6.2"
      }
    },
    "node_modules/@abaplint/runtime": {
      "version": "2.0.13",
      "resolved": "https://registry.npmjs.org/@abaplint/runtime/-/runtime-2.0.13.tgz",
      "integrity": "sha512-YfEQmssIPQTL/f5rGKuJDU8gKG/mqOJgbsPdjW8r38YE9MH5y7DAsOv/d1aDAlvG51b0tAzAA6QpykSM8Ib5Dg=="
    },
    "node_modules/@abaplint/transpiler-cli": {
      "version": "2.0.13",
      "resolved": "https://registry.npmjs.org/@abaplint/transpiler-cli/-/transpiler-cli-2.0.13.tgz",
      "integrity": "sha512-CFYeRv+wBfZrlBcu9hC6leiLqFWXxXtMbrW/hpUZtZoIv6i2jscv/AfRCj5KT9KLSFoQD1FPq+MtsX0XfHhszQ==",
      "bin": {
        "abap_transpile": "abap_transpile"
      }
    },
    "node_modules/sql.js": {
      "version": "1.6.2",
      "resolved": "https://registry.npmjs.org/sql.js/-/sql.js-1.6.2.tgz",
      "integrity": "sha512-9iucI5fXQa+Gspeqf/BNB20PxJIn5LhXDt4mjXoFPqXdR+NqtFs15SdKpSIJ6s529aGL9zFR9p2eSCIEiMsNGA=="
    }
  },
  "dependencies": {
    "@abaplint/cli": {
      "version": "2.89.12",
      "resolved": "https://registry.npmjs.org/@abaplint/cli/-/cli-2.89.12.tgz",
      "integrity": "sha512-ioDcer7OfK89/KLqtns/onwhtAqs2rzFFcFkML3lwe7lXxju2uDyi/vVcoe/kwym8cYPmlzUrDVb3tWUxHahWg=="
    },
    "@abaplint/database-sqlite": {
      "version": "2.0.11",
      "resolved": "https://registry.npmjs.org/@abaplint/database-sqlite/-/database-sqlite-2.0.11.tgz",
      "integrity": "sha512-hshAAWvfPA7GZ9Zs6440W2og1FzohNdbbTlVV9ItCrUqOSDc32obxdjhIj1YAWBtKE0NoFCq4SwNX+lHGG7PRg==",
      "requires": {
        "sql.js": "^1.6.2"
      }
    },
    "@abaplint/runtime": {
      "version": "2.0.13",
      "resolved": "https://registry.npmjs.org/@abaplint/runtime/-/runtime-2.0.13.tgz",
      "integrity": "sha512-YfEQmssIPQTL/f5rGKuJDU8gKG/mqOJgbsPdjW8r38YE9MH5y7DAsOv/d1aDAlvG51b0tAzAA6QpykSM8Ib5Dg=="
    },
    "@abaplint/transpiler-cli": {
      "version": "2.0.13",
      "resolved": "https://registry.npmjs.org/@abaplint/transpiler-cli/-/transpiler-cli-2.0.13.tgz",
      "integrity": "sha512-CFYeRv+wBfZrlBcu9hC6leiLqFWXxXtMbrW/hpUZtZoIv6i2jscv/AfRCj5KT9KLSFoQD1FPq+MtsX0XfHhszQ=="
    },
    "sql.js": {
      "version": "1.6.2",
      "resolved": "https://registry.npmjs.org/sql.js/-/sql.js-1.6.2.tgz",
      "integrity": "sha512-9iucI5fXQa+Gspeqf/BNB20PxJIn5LhXDt4mjXoFPqXdR+NqtFs15SdKpSIJ6s529aGL9zFR9p2eSCIEiMsNGA=="
    }
  }
}
