{
  "name": "abap-file-formats-tools",
  "version": "1.0.0",
  "lockfileVersion": 2,
  "requires": true,
  "packages": {
    "": {
      "name": "abap-file-formats-tools",
      "version": "1.0.0",
      "license": "MIT",
      "dependencies": {
        "@abaplint/cli": "^2.93.93",
        "@abaplint/database-sqlite": "^2.3.38",
        "@abaplint/runtime": "^2.3.53",
        "@abaplint/transpiler-cli": "^2.3.53",
        "abapmerge": "^0.14.8"
      }
    },
    "node_modules/@abaplint/cli": {
      "version": "2.93.93",
      "resolved": "https://registry.npmjs.org/@abaplint/cli/-/cli-2.93.93.tgz",
      "integrity": "sha512-d5eWuqUbpfgv6NAkAl2p6w0BbyLSoi833ZRy6VAyYCQOj5YVfYsY0YC1pOLMN7PMg0R7Yk96ouvlVf3UErbjnQ==",
      "bin": {
        "abaplint": "abaplint"
      },
      "engines": {
        "node": ">=12.0.0"
      }
    },
    "node_modules/@abaplint/database-sqlite": {
      "version": "2.3.38",
      "resolved": "https://registry.npmjs.org/@abaplint/database-sqlite/-/database-sqlite-2.3.38.tgz",
      "integrity": "sha512-Vb8ZIdy1L0rOf6J72KuNtX42ShgdCz6zY/wWqdfRQzfwgABAyyLnS5ias3JHIOFE14b2ib6L4qUaxUF5a1jOMg==",
      "dependencies": {
        "sql.js": "^1.8.0"
      }
    },
    "node_modules/@abaplint/runtime": {
      "version": "2.3.53",
      "resolved": "https://registry.npmjs.org/@abaplint/runtime/-/runtime-2.3.53.tgz",
      "integrity": "sha512-8DimZyAROF2Q2ub7BP3tcqedVPvMpSg16WTtyEefGvYN4jH6S9VcnZoL/BGfn8xvkPYXx4G1kFWajNXkXaZkCQ==",
      "dependencies": {
        "temporal-polyfill": "^0.0.8"
      }
    },
    "node_modules/@abaplint/transpiler-cli": {
      "version": "2.3.53",
      "resolved": "https://registry.npmjs.org/@abaplint/transpiler-cli/-/transpiler-cli-2.3.53.tgz",
      "integrity": "sha512-8fqGzuPvZgO6M5NDxQN6hK/q0q+Mg5VfXipyAMxemhfvD8PlyQ7U9Vo56YzLN08H0JE5cb9L2Q9Fvhi3r4IPPQ==",
      "bin": {
        "abap_transpile": "abap_transpile"
      }
    },
    "node_modules/abapmerge": {
      "version": "0.14.8",
      "resolved": "https://registry.npmjs.org/abapmerge/-/abapmerge-0.14.8.tgz",
      "integrity": "sha512-M/wkUoPiZSx/5l+rBanlixLQ/Miwk9I0FLBbd2uC9ez8ZXnknLjoKMSsi3Xh4olkmT4VJUFyNeQWK+ZSdgvfuw==",
      "dependencies": {
        "commander": "^7.2.0"
      },
      "bin": {
        "abapmerge": "abapmerge"
      }
    },
    "node_modules/commander": {
      "version": "7.2.0",
      "resolved": "https://registry.npmjs.org/commander/-/commander-7.2.0.tgz",
      "integrity": "sha512-QrWXB+ZQSVPmIWIhtEO9H+gwHaMGYiF5ChvoJ+K9ZGHG/sVsa6yiesAD1GC/x46sET00Xlwo1u49RVVVzvcSkw==",
      "engines": {
        "node": ">= 10"
      }
    },
    "node_modules/sql.js": {
      "version": "1.8.0",
      "resolved": "https://registry.npmjs.org/sql.js/-/sql.js-1.8.0.tgz",
      "integrity": "sha512-3HD8pSkZL+5YvYUI8nlvNILs61ALqq34xgmF+BHpqxe68yZIJ1H+sIVIODvni25+CcxHUxDyrTJUL0lE/m7afw=="
    },
    "node_modules/temporal-polyfill": {
      "version": "0.0.8",
      "resolved": "https://registry.npmjs.org/temporal-polyfill/-/temporal-polyfill-0.0.8.tgz",
      "integrity": "sha512-IuA8GhS1PRC04H/zVNAIxJvCZQum6V5HjqFj7gz1a3SMUf/Kf1xIXILNYtxrWYnGqIU/RrDRxlCKCm/vmqnBvw==",
      "dependencies": {
        "temporal-spec": "0.0.3"
      }
    },
    "node_modules/temporal-spec": {
      "version": "0.0.3",
      "resolved": "https://registry.npmjs.org/temporal-spec/-/temporal-spec-0.0.3.tgz",
      "integrity": "sha512-gJu7QRqn5c2vTSkYWGC4qz1i+FZ9C+Cz16UIBMRcjgXOsHfXeSIgaWUKeq/2rz1iNfFxvmF/ywqbfC6ggTpjkA=="
    }
  },
  "dependencies": {
    "@abaplint/cli": {
      "version": "2.93.93",
      "resolved": "https://registry.npmjs.org/@abaplint/cli/-/cli-2.93.93.tgz",
      "integrity": "sha512-d5eWuqUbpfgv6NAkAl2p6w0BbyLSoi833ZRy6VAyYCQOj5YVfYsY0YC1pOLMN7PMg0R7Yk96ouvlVf3UErbjnQ=="
    },
    "@abaplint/database-sqlite": {
      "version": "2.3.38",
      "resolved": "https://registry.npmjs.org/@abaplint/database-sqlite/-/database-sqlite-2.3.38.tgz",
      "integrity": "sha512-Vb8ZIdy1L0rOf6J72KuNtX42ShgdCz6zY/wWqdfRQzfwgABAyyLnS5ias3JHIOFE14b2ib6L4qUaxUF5a1jOMg==",
      "requires": {
        "sql.js": "^1.8.0"
      }
    },
    "@abaplint/runtime": {
      "version": "2.3.53",
      "resolved": "https://registry.npmjs.org/@abaplint/runtime/-/runtime-2.3.53.tgz",
      "integrity": "sha512-8DimZyAROF2Q2ub7BP3tcqedVPvMpSg16WTtyEefGvYN4jH6S9VcnZoL/BGfn8xvkPYXx4G1kFWajNXkXaZkCQ==",
      "requires": {
        "temporal-polyfill": "^0.0.8"
      }
    },
    "@abaplint/transpiler-cli": {
      "version": "2.3.53",
      "resolved": "https://registry.npmjs.org/@abaplint/transpiler-cli/-/transpiler-cli-2.3.53.tgz",
      "integrity": "sha512-8fqGzuPvZgO6M5NDxQN6hK/q0q+Mg5VfXipyAMxemhfvD8PlyQ7U9Vo56YzLN08H0JE5cb9L2Q9Fvhi3r4IPPQ=="
    },
    "abapmerge": {
      "version": "0.14.8",
      "resolved": "https://registry.npmjs.org/abapmerge/-/abapmerge-0.14.8.tgz",
      "integrity": "sha512-M/wkUoPiZSx/5l+rBanlixLQ/Miwk9I0FLBbd2uC9ez8ZXnknLjoKMSsi3Xh4olkmT4VJUFyNeQWK+ZSdgvfuw==",
      "requires": {
        "commander": "^7.2.0"
      }
    },
    "commander": {
      "version": "7.2.0",
      "resolved": "https://registry.npmjs.org/commander/-/commander-7.2.0.tgz",
      "integrity": "sha512-QrWXB+ZQSVPmIWIhtEO9H+gwHaMGYiF5ChvoJ+K9ZGHG/sVsa6yiesAD1GC/x46sET00Xlwo1u49RVVVzvcSkw=="
    },
    "sql.js": {
      "version": "1.8.0",
      "resolved": "https://registry.npmjs.org/sql.js/-/sql.js-1.8.0.tgz",
      "integrity": "sha512-3HD8pSkZL+5YvYUI8nlvNILs61ALqq34xgmF+BHpqxe68yZIJ1H+sIVIODvni25+CcxHUxDyrTJUL0lE/m7afw=="
    },
    "temporal-polyfill": {
      "version": "0.0.8",
      "resolved": "https://registry.npmjs.org/temporal-polyfill/-/temporal-polyfill-0.0.8.tgz",
      "integrity": "sha512-IuA8GhS1PRC04H/zVNAIxJvCZQum6V5HjqFj7gz1a3SMUf/Kf1xIXILNYtxrWYnGqIU/RrDRxlCKCm/vmqnBvw==",
      "requires": {
        "temporal-spec": "0.0.3"
      }
    },
    "temporal-spec": {
      "version": "0.0.3",
      "resolved": "https://registry.npmjs.org/temporal-spec/-/temporal-spec-0.0.3.tgz",
      "integrity": "sha512-gJu7QRqn5c2vTSkYWGC4qz1i+FZ9C+Cz16UIBMRcjgXOsHfXeSIgaWUKeq/2rz1iNfFxvmF/ywqbfC6ggTpjkA=="
    }
  }
}
